
Microsoft Visual Studio Solution File, Format Version 12.00
# Visual Studio Version 17
VisualStudioVersion = 17.0.31903.59
MinimumVisualStudioVersion = 10.0.40219.1
Project("{9A19103F-16F7-4668-BE54-9A1E7A4F7556}") = "StoreApp", "StoreApp\StoreApp.csproj", "{6955F376-45EC-4EC9-9D84-BE926FF7853B}"
EndProject
Project("{9A19103F-16F7-4668-BE54-9A1E7A4F7556}") = "Entities", "Entities\Entities.csproj", "{0B27DCC4-FDBD-4341-B866-355069D5AAA1}"
EndProject
Project("{9A19103F-16F7-4668-BE54-9A1E7A4F7556}") = "Repositories", "Repositories\Repositories.csproj", "{DCD13187-FE7D-457B-B712-E3C69988774B}"
EndProject
Project("{9A19103F-16F7-4668-BE54-9A1E7A4F7556}") = "Services", "Services\Services.csproj", "{1534F1FA-726E-4CF3-9E91-948BD81EE040}"
EndProject
Global
	GlobalSection(SolutionConfigurationPlatforms) = preSolution
		Debug|Any CPU = Debug|Any CPU
		Release|Any CPU = Release|Any CPU
	EndGlobalSection
	GlobalSection(ProjectConfigurationPlatforms) = postSolution
		{6955F376-45EC-4EC9-9D84-BE926FF7853B}.Debug|Any CPU.ActiveCfg = Debug|Any CPU
		{6955F376-45EC-4EC9-9D84-BE926FF7853B}.Debug|Any CPU.Build.0 = Debug|Any CPU
		{6955F376-45EC-4EC9-9D84-BE926FF7853B}.Release|Any CPU.ActiveCfg = Release|Any CPU
		{6955F376-45EC-4EC9-9D84-BE926FF7853B}.Release|Any CPU.Build.0 = Release|Any CPU
		{0B27DCC4-FDBD-4341-B866-355069D5AAA1}.Debug|Any CPU.ActiveCfg = Debug|Any CPU
		{0B27DCC4-FDBD-4341-B866-355069D5AAA1}.Debug|Any CPU.Build.0 = Debug|Any CPU
		{0B27DCC4-FDBD-4341-B866-355069D5AAA1}.Release|Any CPU.ActiveCfg = Release|Any CPU
		{0B27DCC4-FDBD-4341-B866-355069D5AAA1}.Release|Any CPU.Build.0 = Release|Any CPU
		{DCD13187-FE7D-457B-B712-E3C69988774B}.Debug|Any CPU.ActiveCfg = Debug|Any CPU
		{DCD13187-FE7D-457B-B712-E3C69988774B}.Debug|Any CPU.Build.0 = Debug|Any CPU
		{DCD13187-FE7D-457B-B712-E3C69988774B}.Release|Any CPU.ActiveCfg = Release|Any CPU
		{DCD13187-FE7D-457B-B712-E3C69988774B}.Release|Any CPU.Build.0 = Release|Any CPU
		{1534F1FA-726E-4CF3-9E91-948BD81EE040}.Debug|Any CPU.ActiveCfg = Debug|Any CPU
		{1534F1FA-726E-4CF3-9E91-948BD81EE040}.Debug|Any CPU.Build.0 = Debug|Any CPU
		{1534F1FA-726E-4CF3-9E91-948BD81EE040}.Release|Any CPU.ActiveCfg = Release|Any CPU
		{1534F1FA-726E-4CF3-9E91-948BD81EE040}.Release|Any CPU.Build.0 = Release|Any CPU
	EndGlobalSection
	GlobalSection(SolutionProperties) = preSolution
		HideSolutionNode = FALSE
	EndGlobalSection
	GlobalSection(ExtensibilityGlobals) = postSolution
		SolutionGuid = {3E7115A0-26AD-4999-BA56-460526B486E8}
	EndGlobalSection
EndGlobal
